
Microsoft Visual Studio Solution File, Format Version 12.00
# Visual Studio Version 16
VisualStudioVersion = 16.0.31515.178
MinimumVisualStudioVersion = 10.0.40219.1
Project("{9A19103F-16F7-4668-BE54-9A1E7A4F7556}") = "WebApiCoreCURD", "WebApiCoreCURD\WebApiCoreCURD.csproj", "{797A093C-CD38-47B7-850F-193BB1E956DE}"
EndProject
Project("{9A19103F-16F7-4668-BE54-9A1E7A4F7556}") = "ConsumingWebApiCoreUI", "ConsumingWebApiCoreUI\ConsumingWebApiCoreUI.csproj", "{7AED03C6-40F2-4DC3-8F01-44BE1081BCB6}"
EndProject
Global
	GlobalSection(SolutionConfigurationPlatforms) = preSolution
		Debug|Any CPU = Debug|Any CPU
		Release|Any CPU = Release|Any CPU
	EndGlobalSection
	GlobalSection(ProjectConfigurationPlatforms) = postSolution
		{797A093C-CD38-47B7-850F-193BB1E956DE}.Debug|Any CPU.ActiveCfg = Debug|Any CPU
		{797A093C-CD38-47B7-850F-193BB1E956DE}.Debug|Any CPU.Build.0 = Debug|Any CPU
		{797A093C-CD38-47B7-850F-193BB1E956DE}.Release|Any CPU.ActiveCfg = Release|Any CPU
		{797A093C-CD38-47B7-850F-193BB1E956DE}.Release|Any CPU.Build.0 = Release|Any CPU
		{7AED03C6-40F2-4DC3-8F01-44BE1081BCB6}.Debug|Any CPU.ActiveCfg = Debug|Any CPU
		{7AED03C6-40F2-4DC3-8F01-44BE1081BCB6}.Debug|Any CPU.Build.0 = Debug|Any CPU
		{7AED03C6-40F2-4DC3-8F01-44BE1081BCB6}.Release|Any CPU.ActiveCfg = Release|Any CPU
		{7AED03C6-40F2-4DC3-8F01-44BE1081BCB6}.Release|Any CPU.Build.0 = Release|Any CPU
	EndGlobalSection
	GlobalSection(SolutionProperties) = preSolution
		HideSolutionNode = FALSE
	EndGlobalSection
	GlobalSection(ExtensibilityGlobals) = postSolution
		SolutionGuid = {1CBF6384-9E46-433C-BF80-6A7FB54B6651}
	EndGlobalSection
EndGlobal
